Microsoft Visual Studio Solution File, Format Version 12.00
# Visual Studio Version 17
VisualStudioVersion = 17.5.2.0
MinimumVisualStudioVersion = 10.0.40219.1
Project("{FAE04EC0-301F-11D3-BF4B-00C04F79EFBC}") = "steamToolsSeguro", "steamToolsSeguro.csproj", "{7F413B2C-F56A-BFB8-B9E1-2D30886506CB}"
EndProject
Global
	GlobalSection(SolutionConfigurationPlatforms) = preSolution
		Debug|Any CPU = Debug|Any CPU
		Release|Any CPU = Release|Any CPU
	EndGlobalSection
	GlobalSection(ProjectConfigurationPlatforms) = postSolution
		{7F413B2C-F56A-BFB8-B9E1-2D30886506CB}.Debug|Any CPU.ActiveCfg = Debug|Any CPU
		{7F413B2C-F56A-BFB8-B9E1-2D30886506CB}.Debug|Any CPU.Build.0 = Debug|Any CPU
		{7F413B2C-F56A-BFB8-B9E1-2D30886506CB}.Release|Any CPU.ActiveCfg = Release|Any CPU
		{7F413B2C-F56A-BFB8-B9E1-2D30886506CB}.Release|Any CPU.Build.0 = Release|Any CPU
	EndGlobalSection
	GlobalSection(SolutionProperties) = preSolution
		HideSolutionNode = FALSE
	EndGlobalSection
	GlobalSection(ExtensibilityGlobals) = postSolution
		SolutionGuid = {B6C161FC-3164-4B2E-861E-4F7E84692D48}
	EndGlobalSection
EndGlobal